
Microsoft Visual Studio Solution File, Format Version 12.00
# Visual Studio 15
VisualStudioVersion = 15.0.27428.2027
MinimumVisualStudioVersion = 10.0.40219.1
Project("{FAE04EC0-301F-11D3-BF4B-00C04F79EFBC}") = "Garage2", "Garage2\Garage2.csproj", "{B1151B3C-70B2-47B1-9EFF-18293BEC8794}"
EndProject
Global
	GlobalSection(SolutionConfigurationPlatforms) = preSolution
		Debug|Any CPU = Debug|Any CPU
		Release|Any CPU = Release|Any CPU
	EndGlobalSection
	GlobalSection(ProjectConfigurationPlatforms) = postSolution
		{B1151B3C-70B2-47B1-9EFF-18293BEC8794}.Debug|Any CPU.ActiveCfg = Debug|Any CPU
		{B1151B3C-70B2-47B1-9EFF-18293BEC8794}.Debug|Any CPU.Build.0 = Debug|Any CPU
		{B1151B3C-70B2-47B1-9EFF-18293BEC8794}.Release|Any CPU.ActiveCfg = Release|Any CPU
		{B1151B3C-70B2-47B1-9EFF-18293BEC8794}.Release|Any CPU.Build.0 = Release|Any CPU
	EndGlobalSection
	GlobalSection(SolutionProperties) = preSolution
		HideSolutionNode = FALSE
	EndGlobalSection
	GlobalSection(ExtensibilityGlobals) = postSolution
		SolutionGuid = {6F245FB1-3FE6-4158-ADE6-D4C9F077BDFA}
	EndGlobalSection
EndGlobal
